
Microsoft Visual Studio Solution File, Format Version 12.00
# Visual Studio Version 16
VisualStudioVersion = 16.0.30002.166
MinimumVisualStudioVersion = 10.0.40219.1
Project("{9A19103F-16F7-4668-BE54-9A1E7A4F7556}") = "Atos.Test.Application", "Atos.Test.Application\Atos.Test.Application.csproj", "{8031E1B8-1C2E-47E1-87A9-9F832A8B1D5E}"
EndProject
Project("{9A19103F-16F7-4668-BE54-9A1E7A4F7556}") = "Atos.Test.Infrastructure", "Atos.Test.Infrastructure\Atos.Test.Infrastructure.csproj", "{0471C4FE-A8B4-435B-906D-1A013F3779D8}"
EndProject
Project("{9A19103F-16F7-4668-BE54-9A1E7A4F7556}") = "Atos.Test.Web", "Atos.Test.Web\Atos.Test.Web.csproj", "{D8DCD65B-371A-4882-98C5-4C258A951BC9}"
EndProject
Project("{9A19103F-16F7-4668-BE54-9A1E7A4F7556}") = "Atos.Test.Domain", "Atos.Test.Domain\Atos.Test.Domain.csproj", "{49DB1833-B5E0-493E-AC68-234816B151A7}"
EndProject
Project("{FAE04EC0-301F-11D3-BF4B-00C04F79EFBC}") = "Atos.Test.Presentation", "Atos.Test.Presentation\Atos.Test.Presentation.csproj", "{64F43317-13BD-444B-A21D-1B669D6040BF}"
EndProject
Global
	GlobalSection(SolutionConfigurationPlatforms) = preSolution
		Debug|Any CPU = Debug|Any CPU
		Release|Any CPU = Release|Any CPU
	EndGlobalSection
	GlobalSection(ProjectConfigurationPlatforms) = postSolution
		{8031E1B8-1C2E-47E1-87A9-9F832A8B1D5E}.Debug|Any CPU.ActiveCfg = Debug|Any CPU
		{8031E1B8-1C2E-47E1-87A9-9F832A8B1D5E}.Debug|Any CPU.Build.0 = Debug|Any CPU
		{8031E1B8-1C2E-47E1-87A9-9F832A8B1D5E}.Release|Any CPU.ActiveCfg = Release|Any CPU
		{8031E1B8-1C2E-47E1-87A9-9F832A8B1D5E}.Release|Any CPU.Build.0 = Release|Any CPU
		{0471C4FE-A8B4-435B-906D-1A013F3779D8}.Debug|Any CPU.ActiveCfg = Debug|Any CPU
		{0471C4FE-A8B4-435B-906D-1A013F3779D8}.Debug|Any CPU.Build.0 = Debug|Any CPU
		{0471C4FE-A8B4-435B-906D-1A013F3779D8}.Release|Any CPU.ActiveCfg = Release|Any CPU
		{0471C4FE-A8B4-435B-906D-1A013F3779D8}.Release|Any CPU.Build.0 = Release|Any CPU
		{D8DCD65B-371A-4882-98C5-4C258A951BC9}.Debug|Any CPU.ActiveCfg = Debug|Any CPU
		{D8DCD65B-371A-4882-98C5-4C258A951BC9}.Debug|Any CPU.Build.0 = Debug|Any CPU
		{D8DCD65B-371A-4882-98C5-4C258A951BC9}.Release|Any CPU.ActiveCfg = Release|Any CPU
		{D8DCD65B-371A-4882-98C5-4C258A951BC9}.Release|Any CPU.Build.0 = Release|Any CPU
		{49DB1833-B5E0-493E-AC68-234816B151A7}.Debug|Any CPU.ActiveCfg = Debug|Any CPU
		{49DB1833-B5E0-493E-AC68-234816B151A7}.Debug|Any CPU.Build.0 = Debug|Any CPU
		{49DB1833-B5E0-493E-AC68-234816B151A7}.Release|Any CPU.ActiveCfg = Release|Any CPU
		{49DB1833-B5E0-493E-AC68-234816B151A7}.Release|Any CPU.Build.0 = Release|Any CPU
		{64F43317-13BD-444B-A21D-1B669D6040BF}.Debug|Any CPU.ActiveCfg = Debug|Any CPU
		{64F43317-13BD-444B-A21D-1B669D6040BF}.Debug|Any CPU.Build.0 = Debug|Any CPU
		{64F43317-13BD-444B-A21D-1B669D6040BF}.Release|Any CPU.ActiveCfg = Release|Any CPU
		{64F43317-13BD-444B-A21D-1B669D6040BF}.Release|Any CPU.Build.0 = Release|Any CPU
	EndGlobalSection
	GlobalSection(SolutionProperties) = preSolution
		HideSolutionNode = FALSE
	EndGlobalSection
	GlobalSection(ExtensibilityGlobals) = postSolution
		SolutionGuid = {C1ED69E6-DAB2-4EA6-A070-62E6C71E41CC}
	EndGlobalSection
EndGlobal
